
Microsoft Visual Studio Solution File, Format Version 12.00
# Visual Studio Version 16
VisualStudioVersion = 16.0.30704.19
MinimumVisualStudioVersion = 10.0.40219.1
Project("{FAE04EC0-301F-11D3-BF4B-00C04F79EFBC}") = "Aspnet_WebAPI_MSAL_Client_Credential_Flow", "Aspnet_WebAPI_MSAL_Client_Credential_Flow.csproj", "{326FB9E1-AE78-4543-B24C-9E68C101CB50}"
EndProject
Global
	GlobalSection(SolutionConfigurationPlatforms) = preSolution
		Debug|Any CPU = Debug|Any CPU
		Release|Any CPU = Release|Any CPU
	EndGlobalSection
	GlobalSection(ProjectConfigurationPlatforms) = postSolution
		{326FB9E1-AE78-4543-B24C-9E68C101CB50}.Debug|Any CPU.ActiveCfg = Debug|Any CPU
		{326FB9E1-AE78-4543-B24C-9E68C101CB50}.Debug|Any CPU.Build.0 = Debug|Any CPU
		{326FB9E1-AE78-4543-B24C-9E68C101CB50}.Release|Any CPU.ActiveCfg = Release|Any CPU
		{326FB9E1-AE78-4543-B24C-9E68C101CB50}.Release|Any CPU.Build.0 = Release|Any CPU
	EndGlobalSection
	GlobalSection(SolutionProperties) = preSolution
		HideSolutionNode = FALSE
	EndGlobalSection
	GlobalSection(ExtensibilityGlobals) = postSolution
		SolutionGuid = {C761F16C-95E4-4C57-ACA3-24D03C40DFE8}
	EndGlobalSection
EndGlobal
