
Microsoft Visual Studio Solution File, Format Version 12.00
# Visual Studio Version 16
VisualStudioVersion = 16.0.30704.19
MinimumVisualStudioVersion = 10.0.40219.1
Project("{FAE04EC0-301F-11D3-BF4B-00C04F79EFBC}") = "WebApp_MSAL_Client_Credential_Flow", "WebApp_MSAL_Client_Credential_Flow.csproj", "{F68084F3-B38F-49B1-B59D-9EE8230F3EE9}"
EndProject
Global
	GlobalSection(SolutionConfigurationPlatforms) = preSolution
		Debug|Any CPU = Debug|Any CPU
		Release|Any CPU = Release|Any CPU
	EndGlobalSection
	GlobalSection(ProjectConfigurationPlatforms) = postSolution
		{F68084F3-B38F-49B1-B59D-9EE8230F3EE9}.Debug|Any CPU.ActiveCfg = Debug|Any CPU
		{F68084F3-B38F-49B1-B59D-9EE8230F3EE9}.Debug|Any CPU.Build.0 = Debug|Any CPU
		{F68084F3-B38F-49B1-B59D-9EE8230F3EE9}.Release|Any CPU.ActiveCfg = Release|Any CPU
		{F68084F3-B38F-49B1-B59D-9EE8230F3EE9}.Release|Any CPU.Build.0 = Release|Any CPU
	EndGlobalSection
	GlobalSection(SolutionProperties) = preSolution
		HideSolutionNode = FALSE
	EndGlobalSection
	GlobalSection(ExtensibilityGlobals) = postSolution
		SolutionGuid = {F5CAED20-2E50-4DB7-97E3-88E08E54AB9B}
	EndGlobalSection
EndGlobal
